
Microsoft Visual Studio Solution File, Format Version 12.00
# Visual Studio Version 17
VisualStudioVersion = 17.11.35303.130
MinimumVisualStudioVersion = 10.0.40219.1
Project("{9A19103F-16F7-4668-BE54-9A1E7A4F7556}") = "Skilly.Application", "Skilly.Application\Skilly.Application.csproj", "{AA3C76E2-12BB-49F4-94E9-476D59921948}"
EndProject
Project("{9A19103F-16F7-4668-BE54-9A1E7A4F7556}") = "Skilly.Core", "Skilly.Core\Skilly.Core.csproj", "{C66B3040-5776-4156-BB09-70FB9D796A08}"
EndProject
Project("{9A19103F-16F7-4668-BE54-9A1E7A4F7556}") = "Skilly.Persistence", "Skilly.Persistence\Skilly.Persistence.csproj", "{AD5B5DD4-C35B-41C6-A06B-554BC244CDAB}"
EndProject
Project("{9A19103F-16F7-4668-BE54-9A1E7A4F7556}") = "Skilly.Infrastructure", "Skilly.Infrastructure\Skilly.Infrastructure.csproj", "{211DBCD3-223E-4F07-9F37-41037D8A738E}"
EndProject
Project("{FAE04EC0-301F-11D3-BF4B-00C04F79EFBC}") = "Skilly.API", "Skilly.API\Skilly.API.csproj", "{EDC431CF-B10D-43AF-B741-F7FE51F9573F}"
EndProject
Global
	GlobalSection(SolutionConfigurationPlatforms) = preSolution
		Debug|Any CPU = Debug|Any CPU
		Release|Any CPU = Release|Any CPU
	EndGlobalSection
	GlobalSection(ProjectConfigurationPlatforms) = postSolution
		{AA3C76E2-12BB-49F4-94E9-476D59921948}.Debug|Any CPU.ActiveCfg = Debug|Any CPU
		{AA3C76E2-12BB-49F4-94E9-476D59921948}.Debug|Any CPU.Build.0 = Debug|Any CPU
		{AA3C76E2-12BB-49F4-94E9-476D59921948}.Release|Any CPU.ActiveCfg = Release|Any CPU
		{AA3C76E2-12BB-49F4-94E9-476D59921948}.Release|Any CPU.Build.0 = Release|Any CPU
		{C66B3040-5776-4156-BB09-70FB9D796A08}.Debug|Any CPU.ActiveCfg = Debug|Any CPU
		{C66B3040-5776-4156-BB09-70FB9D796A08}.Debug|Any CPU.Build.0 = Debug|Any CPU
		{C66B3040-5776-4156-BB09-70FB9D796A08}.Release|Any CPU.ActiveCfg = Release|Any CPU
		{C66B3040-5776-4156-BB09-70FB9D796A08}.Release|Any CPU.Build.0 = Release|Any CPU
		{AD5B5DD4-C35B-41C6-A06B-554BC244CDAB}.Debug|Any CPU.ActiveCfg = Debug|Any CPU
		{AD5B5DD4-C35B-41C6-A06B-554BC244CDAB}.Debug|Any CPU.Build.0 = Debug|Any CPU
		{AD5B5DD4-C35B-41C6-A06B-554BC244CDAB}.Release|Any CPU.ActiveCfg = Release|Any CPU
		{AD5B5DD4-C35B-41C6-A06B-554BC244CDAB}.Release|Any CPU.Build.0 = Release|Any CPU
		{211DBCD3-223E-4F07-9F37-41037D8A738E}.Debug|Any CPU.ActiveCfg = Debug|Any CPU
		{211DBCD3-223E-4F07-9F37-41037D8A738E}.Debug|Any CPU.Build.0 = Debug|Any CPU
		{211DBCD3-223E-4F07-9F37-41037D8A738E}.Release|Any CPU.ActiveCfg = Release|Any CPU
		{211DBCD3-223E-4F07-9F37-41037D8A738E}.Release|Any CPU.Build.0 = Release|Any CPU
		{EDC431CF-B10D-43AF-B741-F7FE51F9573F}.Debug|Any CPU.ActiveCfg = Debug|Any CPU
		{EDC431CF-B10D-43AF-B741-F7FE51F9573F}.Debug|Any CPU.Build.0 = Debug|Any CPU
		{EDC431CF-B10D-43AF-B741-F7FE51F9573F}.Release|Any CPU.ActiveCfg = Release|Any CPU
		{EDC431CF-B10D-43AF-B741-F7FE51F9573F}.Release|Any CPU.Build.0 = Release|Any CPU
	EndGlobalSection
	GlobalSection(SolutionProperties) = preSolution
		HideSolutionNode = FALSE
	EndGlobalSection
	GlobalSection(ExtensibilityGlobals) = postSolution
		SolutionGuid = {8A78AF18-0D06-4211-835B-522350239E7D}
	EndGlobalSection
EndGlobal
